
Microsoft Visual Studio Solution File, Format Version 12.00
Project("{FAE04EC0-301F-11D3-BF4B-00C04F79EFBC}") = "Mekajiki2", "Mekajiki2\Mekajiki2.csproj", "{6A4934A3-5D64-4AB0-983B-183DCCAAAADC}"
EndProject
Global
	GlobalSection(SolutionConfigurationPlatforms) = preSolution
		Debug|Any CPU = Debug|Any CPU
		Release|Any CPU = Release|Any CPU
	EndGlobalSection
	GlobalSection(ProjectConfigurationPlatforms) = postSolution
		{6A4934A3-5D64-4AB0-983B-183DCCAAAADC}.Debug|Any CPU.ActiveCfg = Debug|Any CPU
		{6A4934A3-5D64-4AB0-983B-183DCCAAAADC}.Debug|Any CPU.Build.0 = Debug|Any CPU
		{6A4934A3-5D64-4AB0-983B-183DCCAAAADC}.Release|Any CPU.ActiveCfg = Release|Any CPU
		{6A4934A3-5D64-4AB0-983B-183DCCAAAADC}.Release|Any CPU.Build.0 = Release|Any CPU
	EndGlobalSection
EndGlobal
